
Microsoft Visual Studio Solution File, Format Version 12.00
# Visual Studio 15
VisualStudioVersion = 15.0.28307.645
MinimumVisualStudioVersion = 10.0.40219.1
Project("{FAE04EC0-301F-11D3-BF4B-00C04F79EFBC}") = "The Modelling Web Scraper", "The Modelling Web Scraper\The Modelling Web Scraper.csproj", "{9F428594-039D-494B-A04A-1849481EB365}"
EndProject
Global
	GlobalSection(SolutionConfigurationPlatforms) = preSolution
		Debug|Any CPU = Debug|Any CPU
		Release|Any CPU = Release|Any CPU
	EndGlobalSection
	GlobalSection(ProjectConfigurationPlatforms) = postSolution
		{9F428594-039D-494B-A04A-1849481EB365}.Debug|Any CPU.ActiveCfg = Debug|Any CPU
		{9F428594-039D-494B-A04A-1849481EB365}.Debug|Any CPU.Build.0 = Debug|Any CPU
		{9F428594-039D-494B-A04A-1849481EB365}.Release|Any CPU.ActiveCfg = Release|Any CPU
		{9F428594-039D-494B-A04A-1849481EB365}.Release|Any CPU.Build.0 = Release|Any CPU
	EndGlobalSection
	GlobalSection(SolutionProperties) = preSolution
		HideSolutionNode = FALSE
	EndGlobalSection
	GlobalSection(ExtensibilityGlobals) = postSolution
		SolutionGuid = {4D0114B5-3C6E-4524-B877-3AA5F1937391}
	EndGlobalSection
EndGlobal
